
Microsoft Visual Studio Solution File, Format Version 12.00
# Visual Studio Version 17
VisualStudioVersion = 17.6.33815.320
MinimumVisualStudioVersion = 10.0.40219.1
Project("{FAE04EC0-301F-11D3-BF4B-00C04F79EFBC}") = "PruebaTecnica", "PruebaTecnica\PruebaTecnica.csproj", "{0BC14EBA-1A2B-41CD-89E8-025119AC474B}"
EndProject
Global
	GlobalSection(SolutionConfigurationPlatforms) = preSolution
		Debug|Any CPU = Debug|Any CPU
		Release|Any CPU = Release|Any CPU
	EndGlobalSection
	GlobalSection(ProjectConfigurationPlatforms) = postSolution
		{0BC14EBA-1A2B-41CD-89E8-025119AC474B}.Debug|Any CPU.ActiveCfg = Debug|Any CPU
		{0BC14EBA-1A2B-41CD-89E8-025119AC474B}.Debug|Any CPU.Build.0 = Debug|Any CPU
		{0BC14EBA-1A2B-41CD-89E8-025119AC474B}.Release|Any CPU.ActiveCfg = Release|Any CPU
		{0BC14EBA-1A2B-41CD-89E8-025119AC474B}.Release|Any CPU.Build.0 = Release|Any CPU
	EndGlobalSection
	GlobalSection(SolutionProperties) = preSolution
		HideSolutionNode = FALSE
	EndGlobalSection
	GlobalSection(ExtensibilityGlobals) = postSolution
		SolutionGuid = {92F2C433-9253-4B3F-9FF5-D9039A37F8DA}
	EndGlobalSection
EndGlobal
